
Microsoft Visual Studio Solution File, Format Version 12.00
# Visual Studio Version 17
VisualStudioVersion = 17.1.32210.238
MinimumVisualStudioVersion = 10.0.40219.1
Project("{FAE04EC0-301F-11D3-BF4B-00C04F79EFBC}") = "milionerzy", "milionerzy\milionerzy.csproj", "{9ADC8821-213E-4460-BB41-8EFC0EFC4556}"
EndProject
Global
	GlobalSection(SolutionConfigurationPlatforms) = preSolution
		Debug|Any CPU = Debug|Any CPU
		Release|Any CPU = Release|Any CPU
	EndGlobalSection
	GlobalSection(ProjectConfigurationPlatforms) = postSolution
		{9ADC8821-213E-4460-BB41-8EFC0EFC4556}.Debug|Any CPU.ActiveCfg = Debug|Any CPU
		{9ADC8821-213E-4460-BB41-8EFC0EFC4556}.Debug|Any CPU.Build.0 = Debug|Any CPU
		{9ADC8821-213E-4460-BB41-8EFC0EFC4556}.Release|Any CPU.ActiveCfg = Release|Any CPU
		{9ADC8821-213E-4460-BB41-8EFC0EFC4556}.Release|Any CPU.Build.0 = Release|Any CPU
	EndGlobalSection
	GlobalSection(SolutionProperties) = preSolution
		HideSolutionNode = FALSE
	EndGlobalSection
	GlobalSection(ExtensibilityGlobals) = postSolution
		SolutionGuid = {5FBE3683-8511-40F4-873E-F7F40647768D}
	EndGlobalSection
EndGlobal
